{
  "name": "duo-express",
  "version": "1.1.2",
  "lockfileVersion": 1,
  "requires": true,
  "dependencies": {
    "@duosecurity/duo_web": {
      "version": "1.0.5",
      "resolved": "https://registry.npmjs.org/@duosecurity/duo_web/-/duo_web-1.0.5.tgz",
      "integrity": "sha512-7OTiQqRB4XnLhFsR2DtZw58zLNBb2oALU+/w9f8RQE0GAOwrdXbQOIBtikxLO4lIBY76eerBkJpvHpygOFFX+A=="
    }
  }
}
